
Microsoft Visual Studio Solution File, Format Version 12.00
# Visual Studio Version 16
VisualStudioVersion = 16.0.29411.108
MinimumVisualStudioVersion = 10.0.40219.1
Project("{FAE04EC0-301F-11D3-BF4B-00C04F79EFBC}") = "Plan zajęć", "Plan zajęć\Plan zajęć.csproj", "{77213523-B1D0-4485-9CBB-BA432720DBCF}"
EndProject
Global
	GlobalSection(SolutionConfigurationPlatforms) = preSolution
		Debug|Any CPU = Debug|Any CPU
		Release|Any CPU = Release|Any CPU
	EndGlobalSection
	GlobalSection(ProjectConfigurationPlatforms) = postSolution
		{77213523-B1D0-4485-9CBB-BA432720DBCF}.Debug|Any CPU.ActiveCfg = Debug|Any CPU
		{77213523-B1D0-4485-9CBB-BA432720DBCF}.Debug|Any CPU.Build.0 = Debug|Any CPU
		{77213523-B1D0-4485-9CBB-BA432720DBCF}.Release|Any CPU.ActiveCfg = Release|Any CPU
		{77213523-B1D0-4485-9CBB-BA432720DBCF}.Release|Any CPU.Build.0 = Release|Any CPU
	EndGlobalSection
	GlobalSection(SolutionProperties) = preSolution
		HideSolutionNode = FALSE
	EndGlobalSection
	GlobalSection(ExtensibilityGlobals) = postSolution
		SolutionGuid = {E5A45093-0A48-488C-8FB0-B2CC1717DC5E}
	EndGlobalSection
EndGlobal
